
Microsoft Visual Studio Solution File, Format Version 12.00
# Visual Studio Version 17
VisualStudioVersion = 17.9.34622.214
MinimumVisualStudioVersion = 10.0.40219.1
Project("{FAE04EC0-301F-11D3-BF4B-00C04F79EFBC}") = "May2024Exam", "Booking\May2024Exam.csproj", "{2DEDA0E4-8120-40CF-9A2F-839FEA3294CE}"
EndProject
Project("{FAE04EC0-301F-11D3-BF4B-00C04F79EFBC}") = "DataManagement", "DataManagement\DataManagement.csproj", "{24A2C23B-EA9A-4292-AEAF-F32B81E30EA3}"
EndProject
Global
	GlobalSection(SolutionConfigurationPlatforms) = preSolution
		Debug|Any CPU = Debug|Any CPU
		Release|Any CPU = Release|Any CPU
	EndGlobalSection
	GlobalSection(ProjectConfigurationPlatforms) = postSolution
		{2DEDA0E4-8120-40CF-9A2F-839FEA3294CE}.Debug|Any CPU.ActiveCfg = Debug|Any CPU
		{2DEDA0E4-8120-40CF-9A2F-839FEA3294CE}.Debug|Any CPU.Build.0 = Debug|Any CPU
		{2DEDA0E4-8120-40CF-9A2F-839FEA3294CE}.Release|Any CPU.ActiveCfg = Release|Any CPU
		{2DEDA0E4-8120-40CF-9A2F-839FEA3294CE}.Release|Any CPU.Build.0 = Release|Any CPU
		{24A2C23B-EA9A-4292-AEAF-F32B81E30EA3}.Debug|Any CPU.ActiveCfg = Debug|Any CPU
		{24A2C23B-EA9A-4292-AEAF-F32B81E30EA3}.Debug|Any CPU.Build.0 = Debug|Any CPU
		{24A2C23B-EA9A-4292-AEAF-F32B81E30EA3}.Release|Any CPU.ActiveCfg = Release|Any CPU
		{24A2C23B-EA9A-4292-AEAF-F32B81E30EA3}.Release|Any CPU.Build.0 = Release|Any CPU
	EndGlobalSection
	GlobalSection(SolutionProperties) = preSolution
		HideSolutionNode = FALSE
	EndGlobalSection
	GlobalSection(ExtensibilityGlobals) = postSolution
		SolutionGuid = {20CC05DE-0815-4A6A-B448-3B22ACC23EC6}
	EndGlobalSection
EndGlobal
